// !$*UTF8*$!
{
	archiveVersion = 1;
	classes = {
	};
	objectVersion = 55;
	objects = {

/* Begin PBXBuildFile section */
		714FAF7927A96FBC002FB062 /* AppDelegate.swift in Sources */ = {isa = PBXBuildFile; fileRef = 714FAF7827A96FBC002FB062 /* AppDelegate.swift */; };
		714FAF7B27A96FBC002FB062 /* SceneDelegate.swift in Sources */ = {isa = PBXBuildFile; fileRef = 714FAF7A27A96FBC002FB062 /* SceneDelegate.swift */; };
		714FAF8027A96FBC002FB062 /* Main.storyboard in Resources */ = {isa = PBXBuildFile; fileRef = 714FAF7E27A96FBC002FB062 /* Main.storyboard */; };
		714FAF8227A96FBD002FB062 /* Assets.xcassets in Resources */ = {isa = PBXBuildFile; fileRef = 714FAF8127A96FBD002FB062 /* Assets.xcassets */; };
		714FAF8527A96FBD002FB062 /* LaunchScreen.storyboard in Resources */ = {isa = PBXBuildFile; fileRef = 714FAF8327A96FBD002FB062 /* LaunchScreen.storyboard */; };
		71ACE41327A9836F00313092 /* Memo.swift in Sources */ = {isa = PBXBuildFile; fileRef = 71ACE41227A9836F00313092 /* Memo.swift */; };
		71ACE41527A9842000313092 /* MemoStorageType.swift in Sources */ = {isa = PBXBuildFile; fileRef = 71ACE41427A9842000313092 /* MemoStorageType.swift */; };
		71ACE41A27A9853100313092 /* RxPracticeMemo.xcdatamodeld in Sources */ = {isa = PBXBuildFile; fileRef = 71ACE41827A9853100313092 /* RxPracticeMemo.xcdatamodeld */; };
		71ACE41C27A9858800313092 /* MemoryStorage.swift in Sources */ = {isa = PBXBuildFile; fileRef = 71ACE41B27A9858800313092 /* MemoryStorage.swift */; };
		71ACE41E27A988D000313092 /* MemoListViewController.swift in Sources */ = {isa = PBXBuildFile; fileRef = 71ACE41D27A988D000313092 /* MemoListViewController.swift */; };
		71ACE42027A989A900313092 /* MemoDetailViewController.swift in Sources */ = {isa = PBXBuildFile; fileRef = 71ACE41F27A989A900313092 /* MemoDetailViewController.swift */; };
		71ACE42227A989D600313092 /* MemoComposeViewController.swift in Sources */ = {isa = PBXBuildFile; fileRef = 71ACE42127A989D600313092 /* MemoComposeViewController.swift */; };
		71ACE42427AA55E900313092 /* MemoListViewModel.swift in Sources */ = {isa = PBXBuildFile; fileRef = 71ACE42327AA55E900313092 /* MemoListViewModel.swift */; };
		71ACE42627AA562200313092 /* MemoDetailViewModel.swift in Sources */ = {isa = PBXBuildFile; fileRef = 71ACE42527AA562200313092 /* MemoDetailViewModel.swift */; };
		71ACE42827AA565700313092 /* MemoComposeViewModel.swift in Sources */ = {isa = PBXBuildFile; fileRef = 71ACE42727AA565700313092 /* MemoComposeViewModel.swift */; };
		71ACE42A27AA569A00313092 /* ViewModelBindableType.swift in Sources */ = {isa = PBXBuildFile; fileRef = 71ACE42927AA569A00313092 /* ViewModelBindableType.swift */; };
		71ACE42C27AA59B900313092 /* TransitionModel.swift in Sources */ = {isa = PBXBuildFile; fileRef = 71ACE42B27AA59B900313092 /* TransitionModel.swift */; };
		71ACE42E27AA5A4D00313092 /* Scene.swift in Sources */ = {isa = PBXBuildFile; fileRef = 71ACE42D27AA5A4D00313092 /* Scene.swift */; };
		71ACE43027AA5CDB00313092 /* SceneCoordinatorType.swift in Sources */ = {isa = PBXBuildFile; fileRef = 71ACE42F27AA5CDB00313092 /* SceneCoordinatorType.swift */; };
		71ACE43227AA5D6700313092 /* SceneCoorinator.swift in Sources */ = {isa = PBXBuildFile; fileRef = 71ACE43127AA5D6700313092 /* SceneCoorinator.swift */; };
		EFF7C682F6CB8FACB32E8E7F /* Pods_RxPracticeMemo.framework in Frameworks */ = {isa = PBXBuildFile; fileRef = 3A13FCEAFB9ECFA1341A7341 /* Pods_RxPracticeMemo.framework */; };
/* End PBXBuildFile section */

/* Begin PBXFileReference section */
		39FB8E45F16FAAE8BA6AA7AA /* Pods-RxPracticeMemo.debug.xcconfig */ = {isa = PBXFileReference; includeInIndex = 1; lastKnownFileType = text.xcconfig; name = "Pods-RxPracticeMemo.debug.xcconfig"; path = "Target Support Files/Pods-RxPracticeMemo/Pods-RxPracticeMemo.debug.xcconfig"; sourceTree = "<group>"; };
		3A13FCEAFB9ECFA1341A7341 /* Pods_RxPracticeMemo.framework */ = {isa = PBXFileReference; explicitFileType = wrapper.framework; includeInIndex = 0; path = Pods_RxPracticeMemo.framework; sourceTree = BUILT_PRODUCTS_DIR; };
		714FAF7527A96FBC002FB062 /* RxPracticeMemo.app */ = {isa = PBXFileReference; explicitFileType = wrapper.application; includeInIndex = 0; path = RxPracticeMemo.app; sourceTree = BUILT_PRODUCTS_DIR; };
		714FAF7827A96FBC002FB062 /* AppDelegate.swift */ = {isa = PBXFileReference; lastKnownFileType = sourcecode.swift; path = AppDelegate.swift; sourceTree = "<group>"; };
		714FAF7A27A96FBC002FB062 /* SceneDelegate.swift */ = {isa = PBXFileReference; lastKnownFileType = sourcecode.swift; path = SceneDelegate.swift; sourceTree = "<group>"; };
		714FAF7F27A96FBC002FB062 /* Base */ = {isa = PBXFileReference; lastKnownFileType = file.storyboard; name = Base; path = Base.lproj/Main.storyboard; sourceTree = "<group>"; };
		714FAF8127A96FBD002FB062 /* Assets.xcassets */ = {isa = PBXFileReference; lastKnownFileType = folder.assetcatalog; path = Assets.xcassets; sourceTree = "<group>"; };
		714FAF8427A96FBD002FB062 /* Base */ = {isa = PBXFileReference; lastKnownFileType = file.storyboard; name = Base; path = Base.lproj/LaunchScreen.storyboard; sourceTree = "<group>"; };
		714FAF8627A96FBD002FB062 /* Info.plist */ = {isa = PBXFileReference; lastKnownFileType = text.plist.xml; path = Info.plist; sourceTree = "<group>"; };
		71ACE41227A9836F00313092 /* Memo.swift */ = {isa = PBXFileReference; lastKnownFileType = sourcecode.swift; path = Memo.swift; sourceTree = "<group>"; };
		71ACE41427A9842000313092 /* MemoStorageType.swift */ = {isa = PBXFileReference; lastKnownFileType = sourcecode.swift; path = MemoStorageType.swift; sourceTree = "<group>"; };
		71ACE41927A9853100313092 /* RxPracticeMemo.xcdatamodel */ = {isa = PBXFileReference; lastKnownFileType = wrapper.xcdatamodel; path = RxPracticeMemo.xcdatamodel; sourceTree = "<group>"; };
		71ACE41B27A9858800313092 /* MemoryStorage.swift */ = {isa = PBXFileReference; lastKnownFileType = sourcecode.swift; path = MemoryStorage.swift; sourceTree = "<group>"; };
		71ACE41D27A988D000313092 /* MemoListViewController.swift */ = {isa = PBXFileReference; lastKnownFileType = sourcecode.swift; path = MemoListViewController.swift; sourceTree = "<group>"; };
		71ACE41F27A989A900313092 /* MemoDetailViewController.swift */ = {isa = PBXFileReference; lastKnownFileType = sourcecode.swift; path = MemoDetailViewController.swift; sourceTree = "<group>"; };
		71ACE42127A989D600313092 /* MemoComposeViewController.swift */ = {isa = PBXFileReference; lastKnownFileType = sourcecode.swift; path = MemoComposeViewController.swift; sourceTree = "<group>"; };
		71ACE42327AA55E900313092 /* MemoListViewModel.swift */ = {isa = PBXFileReference; lastKnownFileType = sourcecode.swift; path = MemoListViewModel.swift; sourceTree = "<group>"; };
		71ACE42527AA562200313092 /* MemoDetailViewModel.swift */ = {isa = PBXFileReference; lastKnownFileType = sourcecode.swift; path = MemoDetailViewModel.swift; sourceTree = "<group>"; };
		71ACE42727AA565700313092 /* MemoComposeViewModel.swift */ = {isa = PBXFileReference; lastKnownFileType = sourcecode.swift; path = MemoComposeViewModel.swift; sourceTree = "<group>"; };
		71ACE42927AA569A00313092 /* ViewModelBindableType.swift */ = {isa = PBXFileReference; lastKnownFileType = sourcecode.swift; path = ViewModelBindableType.swift; sourceTree = "<group>"; };
		71ACE42B27AA59B900313092 /* TransitionModel.swift */ = {isa = PBXFileReference; lastKnownFileType = sourcecode.swift; path = TransitionModel.swift; sourceTree = "<group>"; };
		71ACE42D27AA5A4D00313092 /* Scene.swift */ = {isa = PBXFileReference; lastKnownFileType = sourcecode.swift; path = Scene.swift; sourceTree = "<group>"; };
		71ACE42F27AA5CDB00313092 /* SceneCoordinatorType.swift */ = {isa = PBXFileReference; lastKnownFileType = sourcecode.swift; path = SceneCoordinatorType.swift; sourceTree = "<group>"; };
		71ACE43127AA5D6700313092 /* SceneCoorinator.swift */ = {isa = PBXFileReference; lastKnownFileType = sourcecode.swift; path = SceneCoorinator.swift; sourceTree = "<group>"; };
		A55F2D66922FB04015F89187 /* Pods-RxPracticeMemo.release.xcconfig */ = {isa = PBXFileReference; includeInIndex = 1; lastKnownFileType = text.xcconfig; name = "Pods-RxPracticeMemo.release.xcconfig"; path = "Target Support Files/Pods-RxPracticeMemo/Pods-RxPracticeMemo.release.xcconfig"; sourceTree = "<group>"; };
/* End PBXFileReference section */

/* Begin PBXFrameworksBuildPhase section */
		714FAF7227A96FBC002FB062 /* Frameworks */ = {
			isa = PBXFrameworksBuildPhase;
			buildActionMask = 2147483647;
			files = (
				EFF7C682F6CB8FACB32E8E7F /* Pods_RxPracticeMemo.framework in Frameworks */,
			);
			runOnlyForDeploymentPostprocessing = 0;
		};
/* End PBXFrameworksBuildPhase section */

/* Begin PBXGroup section */
		714FAF6C27A96FBC002FB062 = {
			isa = PBXGroup;
			children = (
				714FAF7727A96FBC002FB062 /* RxPracticeMemo */,
				714FAF7627A96FBC002FB062 /* Products */,
				B392063736E98989619D6EAC /* Pods */,
				D2F7EC2884588E3B3A116DF7 /* Frameworks */,
			);
			sourceTree = "<group>";
		};
		714FAF7627A96FBC002FB062 /* Products */ = {
			isa = PBXGroup;
			children = (
				714FAF7527A96FBC002FB062 /* RxPracticeMemo.app */,
			);
			name = Products;
			sourceTree = "<group>";
		};
		714FAF7727A96FBC002FB062 /* RxPracticeMemo */ = {
			isa = PBXGroup;
			children = (
				71ACE41127A9828200313092 /* Scene */,
				71ACE41027A9826D00313092 /* Service */,
				71ACE40F27A9825E00313092 /* ViewModel */,
				71ACE40E27A9824A00313092 /* ViewController */,
				71ACE40D27A9823600313092 /* Model */,
				714FAF7827A96FBC002FB062 /* AppDelegate.swift */,
				714FAF7A27A96FBC002FB062 /* SceneDelegate.swift */,
				714FAF8127A96FBD002FB062 /* Assets.xcassets */,
				714FAF8627A96FBD002FB062 /* Info.plist */,
			);
			path = RxPracticeMemo;
			sourceTree = "<group>";
		};
		71ACE40D27A9823600313092 /* Model */ = {
			isa = PBXGroup;
			children = (
				71ACE41227A9836F00313092 /* Memo.swift */,
			);
			path = Model;
			sourceTree = "<group>";
		};
		71ACE40E27A9824A00313092 /* ViewController */ = {
			isa = PBXGroup;
			children = (
				714FAF7E27A96FBC002FB062 /* Main.storyboard */,
				714FAF8327A96FBD002FB062 /* LaunchScreen.storyboard */,
				71ACE41D27A988D000313092 /* MemoListViewController.swift */,
				71ACE41F27A989A900313092 /* MemoDetailViewController.swift */,
				71ACE42127A989D600313092 /* MemoComposeViewController.swift */,
			);
			path = ViewController;
			sourceTree = "<group>";
		};
		71ACE40F27A9825E00313092 /* ViewModel */ = {
			isa = PBXGroup;
			children = (
				71ACE42327AA55E900313092 /* MemoListViewModel.swift */,
				71ACE42527AA562200313092 /* MemoDetailViewModel.swift */,
				71ACE42727AA565700313092 /* MemoComposeViewModel.swift */,
				71ACE42927AA569A00313092 /* ViewModelBindableType.swift */,
			);
			path = ViewModel;
			sourceTree = "<group>";
		};
		71ACE41027A9826D00313092 /* Service */ = {
			isa = PBXGroup;
			children = (
				71ACE41427A9842000313092 /* MemoStorageType.swift */,
				71ACE41727A984AB00313092 /* CoreDataStorage */,
				71ACE41627A984A000313092 /* MemoryStorage */,
			);
			path = Service;
			sourceTree = "<group>";
		};
		71ACE41127A9828200313092 /* Scene */ = {
			isa = PBXGroup;
			children = (
				71ACE42B27AA59B900313092 /* TransitionModel.swift */,
				71ACE42D27AA5A4D00313092 /* Scene.swift */,
				71ACE42F27AA5CDB00313092 /* SceneCoordinatorType.swift */,
				71ACE43127AA5D6700313092 /* SceneCoorinator.swift */,
			);
			path = Scene;
			sourceTree = "<group>";
		};
		71ACE41627A984A000313092 /* MemoryStorage */ = {
			isa = PBXGroup;
			children = (
				71ACE41B27A9858800313092 /* MemoryStorage.swift */,
			);
			path = MemoryStorage;
			sourceTree = "<group>";
		};
		71ACE41727A984AB00313092 /* CoreDataStorage */ = {
			isa = PBXGroup;
			children = (
				71ACE41827A9853100313092 /* RxPracticeMemo.xcdatamodeld */,
			);
			path = CoreDataStorage;
			sourceTree = "<group>";
		};
		B392063736E98989619D6EAC /* Pods */ = {
			isa = PBXGroup;
			children = (
				39FB8E45F16FAAE8BA6AA7AA /* Pods-RxPracticeMemo.debug.xcconfig */,
				A55F2D66922FB04015F89187 /* Pods-RxPracticeMemo.release.xcconfig */,
			);
			path = Pods;
			sourceTree = "<group>";
		};
		D2F7EC2884588E3B3A116DF7 /* Frameworks */ = {
			isa = PBXGroup;
			children = (
				3A13FCEAFB9ECFA1341A7341 /* Pods_RxPracticeMemo.framework */,
			);
			name = Frameworks;
			sourceTree = "<group>";
		};
/* End PBXGroup section */

/* Begin PBXNativeTarget section */
		714FAF7427A96FBC002FB062 /* RxPracticeMemo */ = {
			isa = PBXNativeTarget;
			buildConfigurationList = 714FAF8927A96FBD002FB062 /* Build configuration list for PBXNativeTarget "RxPracticeMemo" */;
			buildPhases = (
				40EEBC8F267B786A8FEA1B29 /* [CP] Check Pods Manifest.lock */,
				714FAF7127A96FBC002FB062 /* Sources */,
				714FAF7227A96FBC002FB062 /* Frameworks */,
				714FAF7327A96FBC002FB062 /* Resources */,
				5B20D2DAECC8526E5AEA3B2B /* [CP] Embed Pods Frameworks */,
			);
			buildRules = (
			);
			dependencies = (
			);
			name = RxPracticeMemo;
			productName = RxPracticeMemo;
			productReference = 714FAF7527A96FBC002FB062 /* RxPracticeMemo.app */;
			productType = "com.apple.product-type.application";
		};
/* End PBXNativeTarget section */

/* Begin PBXProject section */
		714FAF6D27A96FBC002FB062 /* Project object */ = {
			isa = PBXProject;
			attributes = {
				BuildIndependentTargetsInParallel = 1;
				LastSwiftUpdateCheck = 1320;
				LastUpgradeCheck = 1320;
				TargetAttributes = {
					714FAF7427A96FBC002FB062 = {
						CreatedOnToolsVersion = 13.2.1;
					};
				};
			};
			buildConfigurationList = 714FAF7027A96FBC002FB062 /* Build configuration list for PBXProject "RxPracticeMemo" */;
			compatibilityVersion = "Xcode 13.0";
			developmentRegion = en;
			hasScannedForEncodings = 0;
			knownRegions = (
				en,
				Base,
			);
			mainGroup = 714FAF6C27A96FBC002FB062;
			productRefGroup = 714FAF7627A96FBC002FB062 /* Products */;
			projectDirPath = "";
			projectRoot = "";
			targets = (
				714FAF7427A96FBC002FB062 /* RxPracticeMemo */,
			);
		};
/* End PBXProject section */

/* Begin PBXResourcesBuildPhase section */
		714FAF7327A96FBC002FB062 /* Resources */ = {
			isa = PBXResourcesBuildPhase;
			buildActionMask = 2147483647;
			files = (
				714FAF8527A96FBD002FB062 /* LaunchScreen.storyboard in Resources */,
				714FAF8227A96FBD002FB062 /* Assets.xcassets in Resources */,
				714FAF8027A96FBC002FB062 /* Main.storyboard in Resources */,
			);
			runOnlyForDeploymentPostprocessing = 0;
		};
/* End PBXResourcesBuildPhase section */

/* Begin PBXShellScriptBuildPhase section */
		40EEBC8F267B786A8FEA1B29 /* [CP] Check Pods Manifest.lock */ = {
			isa = PBXShellScriptBuildPhase;
			buildActionMask = 2147483647;
			files = (
			);
			inputFileListPaths = (
			);
			inputPaths = (
				"${PODS_PODFILE_DIR_PATH}/Podfile.lock",
				"${PODS_ROOT}/Manifest.lock",
			);
			name = "[CP] Check Pods Manifest.lock";
			outputFileListPaths = (
			);
			outputPaths = (
				"$(DERIVED_FILE_DIR)/Pods-RxPracticeMemo-checkManifestLockResult.txt",
			);
			runOnlyForDeploymentPostprocessing = 0;
			shellPath = /bin/sh;
			shellScript = "diff \"${PODS_PODFILE_DIR_PATH}/Podfile.lock\" \"${PODS_ROOT}/Manifest.lock\" > /dev/null\nif [ $? != 0 ] ; then\n    # print error to STDERR\n    echo \"error: The sandbox is not in sync with the Podfile.lock. Run 'pod install' or update your CocoaPods installation.\" >&2\n    exit 1\nfi\n# This output is used by Xcode 'outputs' to avoid re-running this script phase.\necho \"SUCCESS\" > \"${SCRIPT_OUTPUT_FILE_0}\"\n";
			showEnvVarsInLog = 0;
		};
		5B20D2DAECC8526E5AEA3B2B /* [CP] Embed Pods Frameworks */ = {
			isa = PBXShellScriptBuildPhase;
			buildActionMask = 2147483647;
			files = (
			);
			inputFileListPaths = (
				"${PODS_ROOT}/Target Support Files/Pods-RxPracticeMemo/Pods-RxPracticeMemo-frameworks-${CONFIGURATION}-input-files.xcfilelist",
			);
			name = "[CP] Embed Pods Frameworks";
			outputFileListPaths = (
				"${PODS_ROOT}/Target Support Files/Pods-RxPracticeMemo/Pods-RxPracticeMemo-frameworks-${CONFIGURATION}-output-files.xcfilelist",
			);
			runOnlyForDeploymentPostprocessing = 0;
			shellPath = /bin/sh;
			shellScript = "\"${PODS_ROOT}/Target Support Files/Pods-RxPracticeMemo/Pods-RxPracticeMemo-frameworks.sh\"\n";
			showEnvVarsInLog = 0;
		};
/* End PBXShellScriptBuildPhase section */

/* Begin PBXSourcesBuildPhase section */
		714FAF7127A96FBC002FB062 /* Sources */ = {
			isa = PBXSourcesBuildPhase;
			buildActionMask = 2147483647;
			files = (
				71ACE41C27A9858800313092 /* MemoryStorage.swift in Sources */,
				71ACE42827AA565700313092 /* MemoComposeViewModel.swift in Sources */,
				71ACE42E27AA5A4D00313092 /* Scene.swift in Sources */,
				71ACE42027A989A900313092 /* MemoDetailViewController.swift in Sources */,
				71ACE42A27AA569A00313092 /* ViewModelBindableType.swift in Sources */,
				71ACE41A27A9853100313092 /* RxPracticeMemo.xcdatamodeld in Sources */,
				71ACE41327A9836F00313092 /* Memo.swift in Sources */,
				71ACE41527A9842000313092 /* MemoStorageType.swift in Sources */,
				71ACE43227AA5D6700313092 /* SceneCoorinator.swift in Sources */,
				714FAF7927A96FBC002FB062 /* AppDelegate.swift in Sources */,
				71ACE43027AA5CDB00313092 /* SceneCoordinatorType.swift in Sources */,
				71ACE42427AA55E900313092 /* MemoListViewModel.swift in Sources */,
				71ACE42627AA562200313092 /* MemoDetailViewModel.swift in Sources */,
				71ACE42C27AA59B900313092 /* TransitionModel.swift in Sources */,
				71ACE41E27A988D000313092 /* MemoListViewController.swift in Sources */,
				71ACE42227A989D600313092 /* MemoComposeViewController.swift in Sources */,
				714FAF7B27A96FBC002FB062 /* SceneDelegate.swift in Sources */,
			);
			runOnlyForDeploymentPostprocessing = 0;
		};
/* End PBXSourcesBuildPhase section */

/* Begin PBXVariantGroup section */
		714FAF7E27A96FBC002FB062 /* Main.storyboard */ = {
			isa = PBXVariantGroup;
			children = (
				714FAF7F27A96FBC002FB062 /* Base */,
			);
			name = Main.storyboard;
			sourceTree = "<group>";
		};
		714FAF8327A96FBD002FB062 /* LaunchScreen.storyboard */ = {
			isa = PBXVariantGroup;
			children = (
				714FAF8427A96FBD002FB062 /* Base */,
			);
			name = LaunchScreen.storyboard;
			sourceTree = "<group>";
		};
/* End PBXVariantGroup section */

/* Begin XCBuildConfiguration section */
		714FAF8727A96FBD002FB062 /* Debug */ = {
			isa = XCBuildConfiguration;
			buildSettings = {
				ALWAYS_SEARCH_USER_PATHS = NO;
				CLANG_ANALYZER_NONNULL = YES;
				CLANG_ANALYZER_NUMBER_OBJECT_CONVERSION = YES_AGGRESSIVE;
				CLANG_CXX_LANGUAGE_STANDARD = "gnu++17";
				CLANG_CXX_LIBRARY = "libc++";
				CLANG_ENABLE_MODULES = YES;
				CLANG_ENABLE_OBJC_ARC = YES;
				CLANG_ENABLE_OBJC_WEAK = YES;
				CLANG_WARN_BLOCK_CAPTURE_AUTORELEASING = YES;
				CLANG_WARN_BOOL_CONVERSION = YES;
				CLANG_WARN_COMMA = YES;
				CLANG_WARN_CONSTANT_CONVERSION = YES;
				CLANG_WARN_DEPRECATED_OBJC_IMPLEMENTATIONS = YES;
				CLANG_WARN_DIRECT_OBJC_ISA_USAGE = YES_ERROR;
				CLANG_WARN_DOCUMENTATION_COMMENTS = YES;
				CLANG_WARN_EMPTY_BODY = YES;
				CLANG_WARN_ENUM_CONVERSION = YES;
				CLANG_WARN_INFINITE_RECURSION = YES;
				CLANG_WARN_INT_CONVERSION = YES;
				CLANG_WARN_NON_LITERAL_NULL_CONVERSION = YES;
				CLANG_WARN_OBJC_IMPLICIT_RETAIN_SELF = YES;
				CLANG_WARN_OBJC_LITERAL_CONVERSION = YES;
				CLANG_WARN_OBJC_ROOT_CLASS = YES_ERROR;
				CLANG_WARN_QUOTED_INCLUDE_IN_FRAMEWORK_HEADER = YES;
				CLANG_WARN_RANGE_LOOP_ANALYSIS = YES;
				CLANG_WARN_STRICT_PROTOTYPES = YES;
				CLANG_WARN_SUSPICIOUS_MOVE = YES;
				CLANG_WARN_UNGUARDED_AVAILABILITY = YES_AGGRESSIVE;
				CLANG_WARN_UNREACHABLE_CODE = YES;
				CLANG_WARN__DUPLICATE_METHOD_MATCH = YES;
				COPY_PHASE_STRIP = NO;
				DEBUG_INFORMATION_FORMAT = dwarf;
				ENABLE_STRICT_OBJC_MSGSEND = YES;
				ENABLE_TESTABILITY = YES;
				GCC_C_LANGUAGE_STANDARD = gnu11;
				GCC_DYNAMIC_NO_PIC = NO;
				GCC_NO_COMMON_BLOCKS = YES;
				GCC_OPTIMIZATION_LEVEL = 0;
				GCC_PREPROCESSOR_DEFINITIONS = (
					"DEBUG=1",
					"$(inherited)",
				);
				GCC_WARN_64_TO_32_BIT_CONVERSION = YES;
				GCC_WARN_ABOUT_RETURN_TYPE = YES_ERROR;
				GCC_WARN_UNDECLARED_SELECTOR = YES;
				GCC_WARN_UNINITIALIZED_AUTOS = YES_AGGRESSIVE;
				GCC_WARN_UNUSED_FUNCTION = YES;
				GCC_WARN_UNUSED_VARIABLE = YES;
				IPHONEOS_DEPLOYMENT_TARGET = 13.0;
				MTL_ENABLE_DEBUG_INFO = INCLUDE_SOURCE;
				MTL_FAST_MATH = YES;
				ONLY_ACTIVE_ARCH = YES;
				SDKROOT = iphoneos;
				SWIFT_ACTIVE_COMPILATION_CONDITIONS = DEBUG;
				SWIFT_OPTIMIZATION_LEVEL = "-Onone";
			};
			name = Debug;
		};
		714FAF8827A96FBD002FB062 /* Release */ = {
			isa = XCBuildConfiguration;
			buildSettings = {
				ALWAYS_SEARCH_USER_PATHS = NO;
				CLANG_ANALYZER_NONNULL = YES;
				CLANG_ANALYZER_NUMBER_OBJECT_CONVERSION = YES_AGGRESSIVE;
				CLANG_CXX_LANGUAGE_STANDARD = "gnu++17";
				CLANG_CXX_LIBRARY = "libc++";
				CLANG_ENABLE_MODULES = YES;
				CLANG_ENABLE_OBJC_ARC = YES;
				CLANG_ENABLE_OBJC_WEAK = YES;
				CLANG_WARN_BLOCK_CAPTURE_AUTORELEASING = YES;
				CLANG_WARN_BOOL_CONVERSION = YES;
				CLANG_WARN_COMMA = YES;
				CLANG_WARN_CONSTANT_CONVERSION = YES;
				CLANG_WARN_DEPRECATED_OBJC_IMPLEMENTATIONS = YES;
				CLANG_WARN_DIRECT_OBJC_ISA_USAGE = YES_ERROR;
				CLANG_WARN_DOCUMENTATION_COMMENTS = YES;
				CLANG_WARN_EMPTY_BODY = YES;
				CLANG_WARN_ENUM_CONVERSION = YES;
				CLANG_WARN_INFINITE_RECURSION = YES;
				CLANG_WARN_INT_CONVERSION = YES;
				CLANG_WARN_NON_LITERAL_NULL_CONVERSION = YES;
				CLANG_WARN_OBJC_IMPLICIT_RETAIN_SELF = YES;
				CLANG_WARN_OBJC_LITERAL_CONVERSION = YES;
				CLANG_WARN_OBJC_ROOT_CLASS = YES_ERROR;
				CLANG_WARN_QUOTED_INCLUDE_IN_FRAMEWORK_HEADER = YES;
				CLANG_WARN_RANGE_LOOP_ANALYSIS = YES;
				CLANG_WARN_STRICT_PROTOTYPES = YES;
				CLANG_WARN_SUSPICIOUS_MOVE = YES;
				CLANG_WARN_UNGUARDED_AVAILABILITY = YES_AGGRESSIVE;
				CLANG_WARN_UNREACHABLE_CODE = YES;
				CLANG_WARN__DUPLICATE_METHOD_MATCH = YES;
				COPY_PHASE_STRIP = NO;
				DEBUG_INFORMATION_FORMAT = "dwarf-with-dsym";
				ENABLE_NS_ASSERTIONS = NO;
				ENABLE_STRICT_OBJC_MSGSEND = YES;
				GCC_C_LANGUAGE_STANDARD = gnu11;
				GCC_NO_COMMON_BLOCKS = YES;
				GCC_WARN_64_TO_32_BIT_CONVERSION = YES;
				GCC_WARN_ABOUT_RETURN_TYPE = YES_ERROR;
				GCC_WARN_UNDECLARED_SELECTOR = YES;
				GCC_WARN_UNINITIALIZED_AUTOS = YES_AGGRESSIVE;
				GCC_WARN_UNUSED_FUNCTION = YES;
				GCC_WARN_UNUSED_VARIABLE = YES;
				IPHONEOS_DEPLOYMENT_TARGET = 13.0;
				MTL_ENABLE_DEBUG_INFO = NO;
				MTL_FAST_MATH = YES;
				SDKROOT = iphoneos;
				SWIFT_COMPILATION_MODE = wholemodule;
				SWIFT_OPTIMIZATION_LEVEL = "-O";
				VALIDATE_PRODUCT = YES;
			};
			name = Release;
		};
		714FAF8A27A96FBD002FB062 /* Debug */ = {
			isa = XCBuildConfiguration;
			baseConfigurationReference = 39FB8E45F16FAAE8BA6AA7AA /* Pods-RxPracticeMemo.debug.xcconfig */;
			buildSettings = {
				ASSETCATALOG_COMPILER_APPICON_NAME = AppIcon;
				ASSETCATALOG_COMPILER_GLOBAL_ACCENT_COLOR_NAME = AccentColor;
				CODE_SIGN_STYLE = Automatic;
				CURRENT_PROJECT_VERSION = 1;
				DEVELOPMENT_TEAM = 792N87PWZU;
				GENERATE_INFOPLIST_FILE = YES;
				INFOPLIST_FILE = RxPracticeMemo/Info.plist;
				INFOPLIST_KEY_UIApplicationSupportsIndirectInputEvents = YES;
				INFOPLIST_KEY_UILaunchStoryboardName = LaunchScreen;
				INFOPLIST_KEY_UIMainStoryboardFile = Main;
				INFOPLIST_KEY_UISupportedInterfaceOrientations_iPad = "UIInterfaceOrientationPortrait UIInterfaceOrientationPortraitUpsideDown UIInterfaceOrientationLandscapeLeft UIInterfaceOrientationLandscapeRight";
				INFOPLIST_KEY_UISupportedInterfaceOrientations_iPhone = "UIInterfaceOrientationPortrait UIInterfaceOrientationLandscapeLeft UIInterfaceOrientationLandscapeRight";
				LD_RUNPATH_SEARCH_PATHS = (
					"$(inherited)",
					"@executable_path/Frameworks",
				);
				MARKETING_VERSION = 1.0;
				PRODUCT_BUNDLE_IDENTIFIER = com.mnis.RxPracticeMemo;
				PRODUCT_NAME = "$(TARGET_NAME)";
				SWIFT_EMIT_LOC_STRINGS = YES;
				SWIFT_VERSION = 5.0;
				TARGETED_DEVICE_FAMILY = "1,2";
			};
			name = Debug;
		};
		714FAF8B27A96FBD002FB062 /* Release */ = {
			isa = XCBuildConfiguration;
			baseConfigurationReference = A55F2D66922FB04015F89187 /* Pods-RxPracticeMemo.release.xcconfig */;
			buildSettings = {
				ASSETCATALOG_COMPILER_APPICON_NAME = AppIcon;
				ASSETCATALOG_COMPILER_GLOBAL_ACCENT_COLOR_NAME = AccentColor;
				CODE_SIGN_STYLE = Automatic;
				CURRENT_PROJECT_VERSION = 1;
				DEVELOPMENT_TEAM = 792N87PWZU;
				GENERATE_INFOPLIST_FILE = YES;
				INFOPLIST_FILE = RxPracticeMemo/Info.plist;
				INFOPLIST_KEY_UIApplicationSupportsIndirectInputEvents = YES;
				INFOPLIST_KEY_UILaunchStoryboardName = LaunchScreen;
				INFOPLIST_KEY_UIMainStoryboardFile = Main;
				INFOPLIST_KEY_UISupportedInterfaceOrientations_iPad = "UIInterfaceOrientationPortrait UIInterfaceOrientationPortraitUpsideDown UIInterfaceOrientationLandscapeLeft UIInterfaceOrientationLandscapeRight";
				INFOPLIST_KEY_UISupportedInterfaceOrientations_iPhone = "UIInterfaceOrientationPortrait UIInterfaceOrientationLandscapeLeft UIInterfaceOrientationLandscapeRight";
				LD_RUNPATH_SEARCH_PATHS = (
					"$(inherited)",
					"@executable_path/Frameworks",
				);
				MARKETING_VERSION = 1.0;
				PRODUCT_BUNDLE_IDENTIFIER = com.mnis.RxPracticeMemo;
				PRODUCT_NAME = "$(TARGET_NAME)";
				SWIFT_EMIT_LOC_STRINGS = YES;
				SWIFT_VERSION = 5.0;
				TARGETED_DEVICE_FAMILY = "1,2";
			};
			name = Release;
		};
/* End XCBuildConfiguration section */

/* Begin XCConfigurationList section */
		714FAF7027A96FBC002FB062 /* Build configuration list for PBXProject "RxPracticeMemo" */ = {
			isa = XCConfigurationList;
			buildConfigurations = (
				714FAF8727A96FBD002FB062 /* Debug */,
				714FAF8827A96FBD002FB062 /* Release */,
			);
			defaultConfigurationIsVisible = 0;
			defaultConfigurationName = Release;
		};
		714FAF8927A96FBD002FB062 /* Build configuration list for PBXNativeTarget "RxPracticeMemo" */ = {
			isa = XCConfigurationList;
			buildConfigurations = (
				714FAF8A27A96FBD002FB062 /* Debug */,
				714FAF8B27A96FBD002FB062 /* Release */,
			);
			defaultConfigurationIsVisible = 0;
			defaultConfigurationName = Release;
		};
/* End XCConfigurationList section */

/* Begin XCVersionGroup section */
		71ACE41827A9853100313092 /* RxPracticeMemo.xcdatamodeld */ = {
			isa = XCVersionGroup;
			children = (
				71ACE41927A9853100313092 /* RxPracticeMemo.xcdatamodel */,
			);
			currentVersion = 71ACE41927A9853100313092 /* RxPracticeMemo.xcdatamodel */;
			path = RxPracticeMemo.xcdatamodeld;
			sourceTree = "<group>";
			versionGroupType = wrapper.xcdatamodel;
		};
/* End XCVersionGroup section */
	};
	rootObject = 714FAF6D27A96FBC002FB062 /* Project object */;
}
